# THIS IS AN AUTOGENERATED FILE. DO NOT EDIT THIS FILE DIRECTLY.
# yarn lockfile v1


"@esbuild/aix-ppc64@0.20.2":
  version "0.20.2"
  resolved "https://registry.yarnpkg.com/@esbuild/aix-ppc64/-/aix-ppc64-0.20.2.tgz#a70f4ac11c6a1dfc18b8bbb13284155d933b9537"
  integrity sha512-D+EBOJHXdNZcLJRBkhENNG8Wji2kgc9AZ9KiPr1JuZjsNtyHzrsfLRrY0tk2H2aoFu6RANO1y1iPPUCDYWkb5g==

"@esbuild/android-arm64@0.20.2":
  version "0.20.2"
  resolved "https://registry.yarnpkg.com/@esbuild/android-arm64/-/android-arm64-0.20.2.tgz#db1c9202a5bc92ea04c7b6840f1bbe09ebf9e6b9"
  integrity sha512-mRzjLacRtl/tWU0SvD8lUEwb61yP9cqQo6noDZP/O8VkwafSYwZ4yWy24kan8jE/IMERpYncRt2dw438LP3Xmg==

"@esbuild/android-arm@0.20.2":
  version "0.20.2"
  resolved "https://registry.yarnpkg.com/@esbuild/android-arm/-/android-arm-0.20.2.tgz#3b488c49aee9d491c2c8f98a909b785870d6e995"
  integrity sha512-t98Ra6pw2VaDhqNWO2Oph2LXbz/EJcnLmKLGBJwEwXX/JAN83Fym1rU8l0JUWK6HkIbWONCSSatf4sf2NBRx/w==

"@esbuild/android-x64@0.20.2":
  version "0.20.2"
  resolved "https://registry.yarnpkg.com/@esbuild/android-x64/-/android-x64-0.20.2.tgz#3b1628029e5576249d2b2d766696e50768449f98"
  integrity sha512-btzExgV+/lMGDDa194CcUQm53ncxzeBrWJcncOBxuC6ndBkKxnHdFJn86mCIgTELsooUmwUm9FkhSp5HYu00Rg==

"@esbuild/darwin-arm64@0.20.2":
  version "0.20.2"
  resolved "https://registry.yarnpkg.com/@esbuild/darwin-arm64/-/darwin-arm64-0.20.2.tgz#6e8517a045ddd86ae30c6608c8475ebc0c4000bb"
  integrity sha512-4J6IRT+10J3aJH3l1yzEg9y3wkTDgDk7TSDFX+wKFiWjqWp/iCfLIYzGyasx9l0SAFPT1HwSCR+0w/h1ES/MjA==

"@esbuild/darwin-x64@0.20.2":
  version "0.20.2"
  resolved "https://registry.yarnpkg.com/@esbuild/darwin-x64/-/darwin-x64-0.20.2.tgz#90ed098e1f9dd8a9381695b207e1cff45540a0d0"
  integrity sha512-tBcXp9KNphnNH0dfhv8KYkZhjc+H3XBkF5DKtswJblV7KlT9EI2+jeA8DgBjp908WEuYll6pF+UStUCfEpdysA==

"@esbuild/freebsd-arm64@0.20.2":
  version "0.20.2"
  resolved "https://registry.yarnpkg.com/@esbuild/freebsd-arm64/-/freebsd-arm64-0.20.2.tgz#d71502d1ee89a1130327e890364666c760a2a911"
  integrity sha512-d3qI41G4SuLiCGCFGUrKsSeTXyWG6yem1KcGZVS+3FYlYhtNoNgYrWcvkOoaqMhwXSMrZRl69ArHsGJ9mYdbbw==

"@esbuild/freebsd-x64@0.20.2":
  version "0.20.2"
  resolved "https://registry.yarnpkg.com/@esbuild/freebsd-x64/-/freebsd-x64-0.20.2.tgz#aa5ea58d9c1dd9af688b8b6f63ef0d3d60cea53c"
  integrity sha512-d+DipyvHRuqEeM5zDivKV1KuXn9WeRX6vqSqIDgwIfPQtwMP4jaDsQsDncjTDDsExT4lR/91OLjRo8bmC1e+Cw==

"@esbuild/linux-arm64@0.20.2":
  version "0.20.2"
  resolved "https://registry.yarnpkg.com/@esbuild/linux-arm64/-/linux-arm64-0.20.2.tgz#055b63725df678379b0f6db9d0fa85463755b2e5"
  integrity sha512-9pb6rBjGvTFNira2FLIWqDk/uaf42sSyLE8j1rnUpuzsODBq7FvpwHYZxQ/It/8b+QOS1RYfqgGFNLRI+qlq2A==

"@esbuild/linux-arm@0.20.2":
  version "0.20.2"
  resolved "https://registry.yarnpkg.com/@esbuild/linux-arm/-/linux-arm-0.20.2.tgz#76b3b98cb1f87936fbc37f073efabad49dcd889c"
  integrity sha512-VhLPeR8HTMPccbuWWcEUD1Az68TqaTYyj6nfE4QByZIQEQVWBB8vup8PpR7y1QHL3CpcF6xd5WVBU/+SBEvGTg==

"@esbuild/linux-ia32@0.20.2":
  version "0.20.2"
  resolved "https://registry.yarnpkg.com/@esbuild/linux-ia32/-/linux-ia32-0.20.2.tgz#c0e5e787c285264e5dfc7a79f04b8b4eefdad7fa"
  integrity sha512-o10utieEkNPFDZFQm9CoP7Tvb33UutoJqg3qKf1PWVeeJhJw0Q347PxMvBgVVFgouYLGIhFYG0UGdBumROyiig==

"@esbuild/linux-loong64@0.20.2":
  version "0.20.2"
  resolved "https://registry.yarnpkg.com/@esbuild/linux-loong64/-/linux-loong64-0.20.2.tgz#a6184e62bd7cdc63e0c0448b83801001653219c5"
  integrity sha512-PR7sp6R/UC4CFVomVINKJ80pMFlfDfMQMYynX7t1tNTeivQ6XdX5r2XovMmha/VjR1YN/HgHWsVcTRIMkymrgQ==

"@esbuild/linux-mips64el@0.20.2":
  version "0.20.2"
  resolved "https://registry.yarnpkg.com/@esbuild/linux-mips64el/-/linux-mips64el-0.20.2.tgz#d08e39ce86f45ef8fc88549d29c62b8acf5649aa"
  integrity sha512-4BlTqeutE/KnOiTG5Y6Sb/Hw6hsBOZapOVF6njAESHInhlQAghVVZL1ZpIctBOoTFbQyGW+LsVYZ8lSSB3wkjA==

"@esbuild/linux-ppc64@0.20.2":
  version "0.20.2"
  resolved "https://registry.yarnpkg.com/@esbuild/linux-ppc64/-/linux-ppc64-0.20.2.tgz#8d252f0b7756ffd6d1cbde5ea67ff8fd20437f20"
  integrity sha512-rD3KsaDprDcfajSKdn25ooz5J5/fWBylaaXkuotBDGnMnDP1Uv5DLAN/45qfnf3JDYyJv/ytGHQaziHUdyzaAg==

"@esbuild/linux-riscv64@0.20.2":
  version "0.20.2"
  resolved "https://registry.yarnpkg.com/@esbuild/linux-riscv64/-/linux-riscv64-0.20.2.tgz#19f6dcdb14409dae607f66ca1181dd4e9db81300"
  integrity sha512-snwmBKacKmwTMmhLlz/3aH1Q9T8v45bKYGE3j26TsaOVtjIag4wLfWSiZykXzXuE1kbCE+zJRmwp+ZbIHinnVg==

"@esbuild/linux-s390x@0.20.2":
  version "0.20.2"
  resolved "https://registry.yarnpkg.com/@esbuild/linux-s390x/-/linux-s390x-0.20.2.tgz#3c830c90f1a5d7dd1473d5595ea4ebb920988685"
  integrity sha512-wcWISOobRWNm3cezm5HOZcYz1sKoHLd8VL1dl309DiixxVFoFe/o8HnwuIwn6sXre88Nwj+VwZUvJf4AFxkyrQ==

"@esbuild/linux-x64@0.20.2":
  version "0.20.2"
  resolved "https://registry.yarnpkg.com/@esbuild/linux-x64/-/linux-x64-0.20.2.tgz#86eca35203afc0d9de0694c64ec0ab0a378f6fff"
  integrity sha512-1MdwI6OOTsfQfek8sLwgyjOXAu+wKhLEoaOLTjbijk6E2WONYpH9ZU2mNtR+lZ2B4uwr+usqGuVfFT9tMtGvGw==

"@esbuild/netbsd-x64@0.20.2":
  version "0.20.2"
  resolved "https://registry.yarnpkg.com/@esbuild/netbsd-x64/-/netbsd-x64-0.20.2.tgz#e771c8eb0e0f6e1877ffd4220036b98aed5915e6"
  integrity sha512-K8/DhBxcVQkzYc43yJXDSyjlFeHQJBiowJ0uVL6Tor3jGQfSGHNNJcWxNbOI8v5k82prYqzPuwkzHt3J1T1iZQ==

"@esbuild/openbsd-x64@0.20.2":
  version "0.20.2"
  resolved "https://registry.yarnpkg.com/@esbuild/openbsd-x64/-/openbsd-x64-0.20.2.tgz#9a795ae4b4e37e674f0f4d716f3e226dd7c39baf"
  integrity sha512-eMpKlV0SThJmmJgiVyN9jTPJ2VBPquf6Kt/nAoo6DgHAoN57K15ZghiHaMvqjCye/uU4X5u3YSMgVBI1h3vKrQ==

"@esbuild/sunos-x64@0.20.2":
  version "0.20.2"
  resolved "https://registry.yarnpkg.com/@esbuild/sunos-x64/-/sunos-x64-0.20.2.tgz#7df23b61a497b8ac189def6e25a95673caedb03f"
  integrity sha512-2UyFtRC6cXLyejf/YEld4Hajo7UHILetzE1vsRcGL3earZEW77JxrFjH4Ez2qaTiEfMgAXxfAZCm1fvM/G/o8w==

"@esbuild/win32-arm64@0.20.2":
  version "0.20.2"
  resolved "https://registry.yarnpkg.com/@esbuild/win32-arm64/-/win32-arm64-0.20.2.tgz#f1ae5abf9ca052ae11c1bc806fb4c0f519bacf90"
  integrity sha512-GRibxoawM9ZCnDxnP3usoUDO9vUkpAxIIZ6GQI+IlVmr5kP3zUq+l17xELTHMWTWzjxa2guPNyrpq1GWmPvcGQ==

"@esbuild/win32-ia32@0.20.2":
  version "0.20.2"
  resolved "https://registry.yarnpkg.com/@esbuild/win32-ia32/-/win32-ia32-0.20.2.tgz#241fe62c34d8e8461cd708277813e1d0ba55ce23"
  integrity sha512-HfLOfn9YWmkSKRQqovpnITazdtquEW8/SoHW7pWpuEeguaZI4QnCRW6b+oZTztdBnZOS2hqJ6im/D5cPzBTTlQ==

"@esbuild/win32-x64@0.20.2":
  version "0.20.2"
  resolved "https://registry.yarnpkg.com/@esbuild/win32-x64/-/win32-x64-0.20.2.tgz#9c907b21e30a52db959ba4f80bb01a0cc403d5cc"
  integrity sha512-N49X4lJX27+l9jbLKSqZ6bKNjzQvHaT8IIFUy+YIqmXQdjYCToGWwOItDrfby14c78aDd5NHQl29xingXfCdLQ==

"@rollup/rollup-android-arm-eabi@4.13.2":
  version "4.13.2"
  resolved "https://registry.yarnpkg.com/@rollup/rollup-android-arm-eabi/-/rollup-android-arm-eabi-4.13.2.tgz#fbf098f49d96a8cac9056f22f5fd80906ef3af85"
  integrity sha512-3XFIDKWMFZrMnao1mJhnOT1h2g0169Os848NhhmGweEcfJ4rCi+3yMCOLG4zA61rbJdkcrM/DjVZm9Hg5p5w7g==

"@rollup/rollup-android-arm64@4.13.2":
  version "4.13.2"
  resolved "https://registry.yarnpkg.com/@rollup/rollup-android-arm64/-/rollup-android-arm64-4.13.2.tgz#0d2448251040fce19a98eee505dff5b3c8ec9b98"
  integrity sha512-GdxxXbAuM7Y/YQM9/TwwP+L0omeE/lJAR1J+olu36c3LqqZEBdsIWeQ91KBe6nxwOnb06Xh7JS2U5ooWU5/LgQ==

"@rollup/rollup-darwin-arm64@4.13.2":
  version "4.13.2"
  resolved "https://registry.yarnpkg.com/@rollup/rollup-darwin-arm64/-/rollup-darwin-arm64-4.13.2.tgz#78db4d4da5b1b84c22adbe25c8a4961b3f22d3af"
  integrity sha512-mCMlpzlBgOTdaFs83I4XRr8wNPveJiJX1RLfv4hggyIVhfB5mJfN4P8Z6yKh+oE4Luz+qq1P3kVdWrCKcMYrrA==

"@rollup/rollup-darwin-x64@4.13.2":
  version "4.13.2"
  resolved "https://registry.yarnpkg.com/@rollup/rollup-darwin-x64/-/rollup-darwin-x64-4.13.2.tgz#fcc05af54379f8ee5c7e954987d4514c6fd0fb42"
  integrity sha512-yUoEvnH0FBef/NbB1u6d3HNGyruAKnN74LrPAfDQL3O32e3k3OSfLrPgSJmgb3PJrBZWfPyt6m4ZhAFa2nZp2A==

"@rollup/rollup-linux-arm-gnueabihf@4.13.2":
  version "4.13.2"
  resolved "https://registry.yarnpkg.com/@rollup/rollup-linux-arm-gnueabihf/-/rollup-linux-arm-gnueabihf-4.13.2.tgz#2ce200efa1ef4a56ee2af7b453edc74a259d7d31"
  integrity sha512-GYbLs5ErswU/Xs7aGXqzc3RrdEjKdmoCrgzhJWyFL0r5fL3qd1NPcDKDowDnmcoSiGJeU68/Vy+OMUluRxPiLQ==

"@rollup/rollup-linux-arm64-gnu@4.13.2":
  version "4.13.2"
  resolved "https://registry.yarnpkg.com/@rollup/rollup-linux-arm64-gnu/-/rollup-linux-arm64-gnu-4.13.2.tgz#5a24aac882bff9abfda3f45f6f1db2166c342a4a"
  integrity sha512-L1+D8/wqGnKQIlh4Zre9i4R4b4noxzH5DDciyahX4oOz62CphY7WDWqJoQ66zNR4oScLNOqQJfNSIAe/6TPUmQ==

"@rollup/rollup-linux-arm64-musl@4.13.2":
  version "4.13.2"
  resolved "https://registry.yarnpkg.com/@rollup/rollup-linux-arm64-musl/-/rollup-linux-arm64-musl-4.13.2.tgz#f1fb4c6f961d3f3397231a99e621d199200e4ea9"
  integrity sha512-tK5eoKFkXdz6vjfkSTCupUzCo40xueTOiOO6PeEIadlNBkadH1wNOH8ILCPIl8by/Gmb5AGAeQOFeLev7iZDOA==

"@rollup/rollup-linux-powerpc64le-gnu@4.13.2":
  version "4.13.2"
  resolved "https://registry.yarnpkg.com/@rollup/rollup-linux-powerpc64le-gnu/-/rollup-linux-powerpc64le-gnu-4.13.2.tgz#46b2463d94ac3af3e0f7a2947b695397bc13b755"
  integrity sha512-zvXvAUGGEYi6tYhcDmb9wlOckVbuD+7z3mzInCSTACJ4DQrdSLPNUeDIcAQW39M3q6PDquqLWu7pnO39uSMRzQ==

"@rollup/rollup-linux-riscv64-gnu@4.13.2":
  version "4.13.2"
  resolved "https://registry.yarnpkg.com/@rollup/rollup-linux-riscv64-gnu/-/rollup-linux-riscv64-gnu-4.13.2.tgz#47b932ee59a5395a3a341b0493e361d9e6032cf2"
  integrity sha512-C3GSKvMtdudHCN5HdmAMSRYR2kkhgdOfye4w0xzyii7lebVr4riCgmM6lRiSCnJn2w1Xz7ZZzHKuLrjx5620kw==

"@rollup/rollup-linux-s390x-gnu@4.13.2":
  version "4.13.2"
  resolved "https://registry.yarnpkg.com/@rollup/rollup-linux-s390x-gnu/-/rollup-linux-s390x-gnu-4.13.2.tgz#8e14a1b3c3b9a4440c70a9c1ba12d32aa21f9712"
  integrity sha512-l4U0KDFwzD36j7HdfJ5/TveEQ1fUTjFFQP5qIt9gBqBgu1G8/kCaq5Ok05kd5TG9F8Lltf3MoYsUMw3rNlJ0Yg==

"@rollup/rollup-linux-x64-gnu@4.13.2":
  version "4.13.2"
  resolved "https://registry.yarnpkg.com/@rollup/rollup-linux-x64-gnu/-/rollup-linux-x64-gnu-4.13.2.tgz#270e939194b66df77bcb33dd9a5ddf7784bd7997"
  integrity sha512-xXMLUAMzrtsvh3cZ448vbXqlUa7ZL8z0MwHp63K2IIID2+DeP5iWIT6g1SN7hg1VxPzqx0xZdiDM9l4n9LRU1A==

"@rollup/rollup-linux-x64-musl@4.13.2":
  version "4.13.2"
  resolved "https://registry.yarnpkg.com/@rollup/rollup-linux-x64-musl/-/rollup-linux-x64-musl-4.13.2.tgz#e8dd0f3c2046acbda2934490b36552e856a3bc6a"
  integrity sha512-M/JYAWickafUijWPai4ehrjzVPKRCyDb1SLuO+ZyPfoXgeCEAlgPkNXewFZx0zcnoIe3ay4UjXIMdXQXOZXWqA==

"@rollup/rollup-win32-arm64-msvc@4.13.2":
  version "4.13.2"
  resolved "https://registry.yarnpkg.com/@rollup/rollup-win32-arm64-msvc/-/rollup-win32-arm64-msvc-4.13.2.tgz#f8b65a4a7e7a6b383e7b14439129b2f474ff123c"
  integrity sha512-2YWwoVg9KRkIKaXSh0mz3NmfurpmYoBBTAXA9qt7VXk0Xy12PoOP40EFuau+ajgALbbhi4uTj3tSG3tVseCjuA==

"@rollup/rollup-win32-ia32-msvc@4.13.2":
  version "4.13.2"
  resolved "https://registry.yarnpkg.com/@rollup/rollup-win32-ia32-msvc/-/rollup-win32-ia32-msvc-4.13.2.tgz#bc1c5a4fbc4337d6cb15da80a4de95fd53ab3573"
  integrity sha512-2FSsE9aQ6OWD20E498NYKEQLneShWes0NGMPQwxWOdws35qQXH+FplabOSP5zEe1pVjurSDOGEVCE2agFwSEsw==

"@rollup/rollup-win32-x64-msvc@4.13.2":
  version "4.13.2"
  resolved "https://registry.yarnpkg.com/@rollup/rollup-win32-x64-msvc/-/rollup-win32-x64-msvc-4.13.2.tgz#851959c4c1c3c6647aba1f388198c8243aed6917"
  integrity sha512-7h7J2nokcdPePdKykd8wtc8QqqkqxIrUz7MHj6aNr8waBRU//NLDVnNjQnqQO6fqtjrtCdftpbTuOKAyrAQETQ==

"@trysound/sax@0.2.0":
  version "0.2.0"
  resolved "https://registry.yarnpkg.com/@trysound/sax/-/sax-0.2.0.tgz#cccaab758af56761eb7bf37af6f03f326dd798ad"
  integrity sha512-L7z9BgrNEcYyUYtF+HaEfiS5ebkh9jXqbszz7pC0hRBPaatV0XjSD3+eHrpqFemQfgwiFF0QPIarnIihIDn7OA==

"@types/estree@1.0.5":
  version "1.0.5"
  resolved "https://registry.yarnpkg.com/@types/estree/-/estree-1.0.5.tgz#a6ce3e556e00fd9895dd872dd172ad0d4bd687f4"
  integrity sha512-/kYRxGDLWzHOB7q+wtSUQlFrtcdUccpfy+X+9iMBpHK8QLLhx2wIPYuS5DYtR9Wa/YlZAbIovy7qVdB1Aq6Lyw==

anymatch@~3.1.2:
  version "3.1.3"
  resolved "https://registry.yarnpkg.com/anymatch/-/anymatch-3.1.3.tgz#790c58b19ba1720a84205b57c618d5ad8524973e"
  integrity sha512-KMReFUr0B4t+D+OBkjR3KYqvocp2XaSzO55UcB6mgQMd3KbcE+mWTyvVV7D/zsdEbNnV6acZUutkiHQXvTr1Rw==
  dependencies:
    normalize-path "^3.0.0"
    picomatch "^2.0.4"

autoprefixer@^10.4.19:
  version "10.4.19"
  resolved "https://registry.yarnpkg.com/autoprefixer/-/autoprefixer-10.4.19.tgz#ad25a856e82ee9d7898c59583c1afeb3fa65f89f"
  integrity sha512-BaENR2+zBZ8xXhM4pUaKUxlVdxZ0EZhjvbopwnXmxRUfqDmwSpC2lAi/QXvx7NRdPCo1WKEcEF6mV64si1z4Ew==
  dependencies:
    browserslist "^4.23.0"
    caniuse-lite "^1.0.30001599"
    fraction.js "^4.3.7"
    normalize-range "^0.1.2"
    picocolors "^1.0.0"
    postcss-value-parser "^4.2.0"

binary-extensions@^2.0.0:
  version "2.3.0"
  resolved "https://registry.yarnpkg.com/binary-extensions/-/binary-extensions-2.3.0.tgz#f6e14a97858d327252200242d4ccfe522c445522"
  integrity sha512-Ceh+7ox5qe7LJuLHoY0feh3pHuUDHAcRUeyL2VYghZwfpkNIy/+8Ocg0a3UuSoYzavmylwuLWQOf3hl0jjMMIw==

boolbase@^1.0.0:
  version "1.0.0"
  resolved "https://registry.yarnpkg.com/boolbase/-/boolbase-1.0.0.tgz#68dff5fbe60c51eb37725ea9e3ed310dcc1e776e"
  integrity sha512-JZOSA7Mo9sNGB8+UjSgzdLtokWAky1zbztM3WRLCbZ70/3cTANmQmOdR7y2g+J0e2WXywy1yS468tY+IruqEww==

braces@~3.0.2:
  version "3.0.2"
  resolved "https://registry.yarnpkg.com/braces/-/braces-3.0.2.tgz#3454e1a462ee8d599e236df336cd9ea4f8afe107"
  integrity sha512-b8um+L1RzM3WDSzvhm6gIz1yfTbBt6YTlcEKAvsmqCZZFw46z626lVj9j1yEPW33H5H+lBQpZMP1k8l+78Ha0A==
  dependencies:
    fill-range "^7.0.1"

browserslist@^4.0.0, browserslist@^4.23.0:
  version "4.23.0"
  resolved "https://registry.yarnpkg.com/browserslist/-/browserslist-4.23.0.tgz#8f3acc2bbe73af7213399430890f86c63a5674ab"
  integrity sha512-QW8HiM1shhT2GuzkvklfjcKDiWFXHOeFCIA/huJPwHsslwcydgk7X+z2zXpEijP98UCY7HbubZt5J2Zgvf0CaQ==
  dependencies:
    caniuse-lite "^1.0.30001587"
    electron-to-chromium "^1.4.668"
    node-releases "^2.0.14"
    update-browserslist-db "^1.0.13"

caniuse-api@^3.0.0:
  version "3.0.0"
  resolved "https://registry.yarnpkg.com/caniuse-api/-/caniuse-api-3.0.0.tgz#5e4d90e2274961d46291997df599e3ed008ee4c0"
  integrity sha512-bsTwuIg/BZZK/vreVTYYbSWoe2F+71P7K5QGEX+pT250DZbfU1MQ5prOKpPR+LL6uWKK3KMwMCAS74QB3Um1uw==
  dependencies:
    browserslist "^4.0.0"
    caniuse-lite "^1.0.0"
    lodash.memoize "^4.1.2"
    lodash.uniq "^4.5.0"

caniuse-lite@^1.0.0, caniuse-lite@^1.0.30001587, caniuse-lite@^1.0.30001599:
  version "1.0.30001600"
  resolved "https://registry.yarnpkg.com/caniuse-lite/-/caniuse-lite-1.0.30001600.tgz#93a3ee17a35aa6a9f0c6ef1b2ab49507d1ab9079"
  integrity sha512-+2S9/2JFhYmYaDpZvo0lKkfvuKIglrx68MwOBqMGHhQsNkLjB5xtc/TGoEPs+MxjSyN/72qer2g97nzR641mOQ==

"chokidar@>=3.0.0 <4.0.0":
  version "3.6.0"
  resolved "https://registry.yarnpkg.com/chokidar/-/chokidar-3.6.0.tgz#197c6cc669ef2a8dc5e7b4d97ee4e092c3eb0d5b"
  integrity sha512-7VT13fmjotKpGipCW9JEQAusEPE+Ei8nl6/g4FBAmIm0GOOLMua9NDDo/DWp0ZAxCr3cPq5ZpBqmPAQgDda2Pw==
  dependencies:
    anymatch "~3.1.2"
    braces "~3.0.2"
    glob-parent "~5.1.2"
    is-binary-path "~2.1.0"
    is-glob "~4.0.1"
    normalize-path "~3.0.0"
    readdirp "~3.6.0"
  optionalDependencies:
    fsevents "~2.3.2"

colord@^2.9.3:
  version "2.9.3"
  resolved "https://registry.yarnpkg.com/colord/-/colord-2.9.3.tgz#4f8ce919de456f1d5c1c368c307fe20f3e59fb43"
  integrity sha512-jeC1axXpnb0/2nn/Y1LPuLdgXBLH7aDcHu4KEKfqw3CUhX7ZpfBSlPKyqXE6btIgEzfWtrX3/tyBCaCvXvMkOw==

commander@^7.2.0:
  version "7.2.0"
  resolved "https://registry.yarnpkg.com/commander/-/commander-7.2.0.tgz#a36cb57d0b501ce108e4d20559a150a391d97ab7"
  integrity sha512-QrWXB+ZQSVPmIWIhtEO9H+gwHaMGYiF5ChvoJ+K9ZGHG/sVsa6yiesAD1GC/x46sET00Xlwo1u49RVVVzvcSkw==

css-declaration-sorter@^7.2.0:
  version "7.2.0"
  resolved "https://registry.yarnpkg.com/css-declaration-sorter/-/css-declaration-sorter-7.2.0.tgz#6dec1c9523bc4a643e088aab8f09e67a54961024"
  integrity sha512-h70rUM+3PNFuaBDTLe8wF/cdWu+dOZmb7pJt8Z2sedYbAcQVQV/tEchueg3GWxwqS0cxtbxmaHEdkNACqcvsow==

css-select@^5.1.0:
  version "5.1.0"
  resolved "https://registry.yarnpkg.com/css-select/-/css-select-5.1.0.tgz#b8ebd6554c3637ccc76688804ad3f6a6fdaea8a6"
  integrity sha512-nwoRF1rvRRnnCqqY7updORDsuqKzqYJ28+oSMaJMMgOauh3fvwHqMS7EZpIPqK8GL+g9mKxF1vP/ZjSeNjEVHg==
  dependencies:
    boolbase "^1.0.0"
    css-what "^6.1.0"
    domhandler "^5.0.2"
    domutils "^3.0.1"
    nth-check "^2.0.1"

css-tree@^2.3.1:
  version "2.3.1"
  resolved "https://registry.yarnpkg.com/css-tree/-/css-tree-2.3.1.tgz#10264ce1e5442e8572fc82fbe490644ff54b5c20"
  integrity sha512-6Fv1DV/TYw//QF5IzQdqsNDjx/wc8TrMBZsqjL9eW01tWb7R7k/mq+/VXfJCl7SoD5emsJop9cOByJZfs8hYIw==
  dependencies:
    mdn-data "2.0.30"
    source-map-js "^1.0.1"

css-tree@~2.2.0:
  version "2.2.1"
  resolved "https://registry.yarnpkg.com/css-tree/-/css-tree-2.2.1.tgz#36115d382d60afd271e377f9c5f67d02bd48c032"
  integrity sha512-OA0mILzGc1kCOCSJerOeqDxDQ4HOh+G8NbOJFOTgOCzpw7fCBubk0fEyxp8AgOL/jvLgYA/uV0cMbe43ElF1JA==
  dependencies:
    mdn-data "2.0.28"
    source-map-js "^1.0.1"

css-what@^6.1.0:
  version "6.1.0"
  resolved "https://registry.yarnpkg.com/css-what/-/css-what-6.1.0.tgz#fb5effcf76f1ddea2c81bdfaa4de44e79bac70f4"
  integrity sha512-HTUrgRJ7r4dsZKU6GjmpfRK1O76h97Z8MfS1G0FozR+oF2kG6Vfe8JE6zwrkbxigziPHinCJ+gCPjA9EaBDtRw==

cssesc@^3.0.0:
  version "3.0.0"
  resolved "https://registry.yarnpkg.com/cssesc/-/cssesc-3.0.0.tgz#37741919903b868565e1c09ea747445cd18983ee"
  integrity sha512-/Tb/JcjK111nNScGob5MNtsntNM1aCNUDipB/TkwZFhyDrrE47SOx/18wF2bbjgc3ZzCSKW1T5nt5EbFoAz/Vg==

cssnano-preset-default@^6.1.2:
  version "6.1.2"
  resolved "https://registry.yarnpkg.com/cssnano-preset-default/-/cssnano-preset-default-6.1.2.tgz#adf4b89b975aa775f2750c89dbaf199bbd9da35e"
  integrity sha512-1C0C+eNaeN8OcHQa193aRgYexyJtU8XwbdieEjClw+J9d94E41LwT6ivKH0WT+fYwYWB0Zp3I3IZ7tI/BbUbrg==
  dependencies:
    browserslist "^4.23.0"
    css-declaration-sorter "^7.2.0"
    cssnano-utils "^4.0.2"
    postcss-calc "^9.0.1"
    postcss-colormin "^6.1.0"
    postcss-convert-values "^6.1.0"
    postcss-discard-comments "^6.0.2"
    postcss-discard-duplicates "^6.0.3"
    postcss-discard-empty "^6.0.3"
    postcss-discard-overridden "^6.0.2"
    postcss-merge-longhand "^6.0.5"
    postcss-merge-rules "^6.1.1"
    postcss-minify-font-values "^6.1.0"
    postcss-minify-gradients "^6.0.3"
    postcss-minify-params "^6.1.0"
    postcss-minify-selectors "^6.0.4"
    postcss-normalize-charset "^6.0.2"
    postcss-normalize-display-values "^6.0.2"
    postcss-normalize-positions "^6.0.2"
    postcss-normalize-repeat-style "^6.0.2"
    postcss-normalize-string "^6.0.2"
    postcss-normalize-timing-functions "^6.0.2"
    postcss-normalize-unicode "^6.1.0"
    postcss-normalize-url "^6.0.2"
    postcss-normalize-whitespace "^6.0.2"
    postcss-ordered-values "^6.0.2"
    postcss-reduce-initial "^6.1.0"
    postcss-reduce-transforms "^6.0.2"
    postcss-svgo "^6.0.3"
    postcss-unique-selectors "^6.0.4"

cssnano-utils@^4.0.2:
  version "4.0.2"
  resolved "https://registry.yarnpkg.com/cssnano-utils/-/cssnano-utils-4.0.2.tgz#56f61c126cd0f11f2eef1596239d730d9fceff3c"
  integrity sha512-ZR1jHg+wZ8o4c3zqf1SIUSTIvm/9mU343FMR6Obe/unskbvpGhZOo1J6d/r8D1pzkRQYuwbcH3hToOuoA2G7oQ==

cssnano@^6.1.2:
  version "6.1.2"
  resolved "https://registry.yarnpkg.com/cssnano/-/cssnano-6.1.2.tgz#4bd19e505bd37ee7cf0dc902d3d869f6d79c66b8"
  integrity sha512-rYk5UeX7VAM/u0lNqewCdasdtPK81CgX8wJFLEIXHbV2oldWRgJAsZrdhRXkV1NJzA2g850KiFm9mMU2HxNxMA==
  dependencies:
    cssnano-preset-default "^6.1.2"
    lilconfig "^3.1.1"

csso@^5.0.5:
  version "5.0.5"
  resolved "https://registry.yarnpkg.com/csso/-/csso-5.0.5.tgz#f9b7fe6cc6ac0b7d90781bb16d5e9874303e2ca6"
  integrity sha512-0LrrStPOdJj+SPCCrGhzryycLjwcgUSHBtxNA8aIDxf0GLsRh1cKYhB00Gd1lDOS4yGH69+SNn13+TWbVHETFQ==
  dependencies:
    css-tree "~2.2.0"

dom-serializer@^2.0.0:
  version "2.0.0"
  resolved "https://registry.yarnpkg.com/dom-serializer/-/dom-serializer-2.0.0.tgz#e41b802e1eedf9f6cae183ce5e622d789d7d8e53"
  integrity sha512-wIkAryiqt/nV5EQKqQpo3SToSOV9J0DnbJqwK7Wv/Trc92zIAYZ4FlMu+JPFW1DfGFt81ZTCGgDEabffXeLyJg==
  dependencies:
    domelementtype "^2.3.0"
    domhandler "^5.0.2"
    entities "^4.2.0"

domelementtype@^2.3.0:
  version "2.3.0"
  resolved "https://registry.yarnpkg.com/domelementtype/-/domelementtype-2.3.0.tgz#5c45e8e869952626331d7aab326d01daf65d589d"
  integrity sha512-OLETBj6w0OsagBwdXnPdN0cnMfF9opN69co+7ZrbfPGrdpPVNBUj02spi6B1N7wChLQiPn4CSH/zJvXw56gmHw==

domhandler@^5.0.2, domhandler@^5.0.3:
  version "5.0.3"
  resolved "https://registry.yarnpkg.com/domhandler/-/domhandler-5.0.3.tgz#cc385f7f751f1d1fc650c21374804254538c7d31"
  integrity sha512-cgwlv/1iFQiFnU96XXgROh8xTeetsnJiDsTc7TYCLFd9+/WNkIqPTxiM/8pSd8VIrhXGTf1Ny1q1hquVqDJB5w==
  dependencies:
    domelementtype "^2.3.0"

domutils@^3.0.1:
  version "3.1.0"
  resolved "https://registry.yarnpkg.com/domutils/-/domutils-3.1.0.tgz#c47f551278d3dc4b0b1ab8cbb42d751a6f0d824e"
  integrity sha512-H78uMmQtI2AhgDJjWeQmHwJJ2bLPD3GMmO7Zja/ZZh84wkm+4ut+IUnUdRa8uCGX88DiVx1j6FRe1XfxEgjEZA==
  dependencies:
    dom-serializer "^2.0.0"
    domelementtype "^2.3.0"
    domhandler "^5.0.3"

electron-to-chromium@^1.4.668:
  version "1.4.722"
  resolved "https://registry.yarnpkg.com/electron-to-chromium/-/electron-to-chromium-1.4.722.tgz#99ae3484c5fc0f387d39ad98d77e1f259b9f4074"
  integrity sha512-5nLE0TWFFpZ80Crhtp4pIp8LXCztjYX41yUcV6b+bKR2PqzjskTMOOlBi1VjBHlvHwS+4gar7kNKOrsbsewEZQ==

entities@^4.2.0:
  version "4.5.0"
  resolved "https://registry.yarnpkg.com/entities/-/entities-4.5.0.tgz#5d268ea5e7113ec74c4d033b79ea5a35a488fb48"
  integrity sha512-V0hjH4dGPh9Ao5p0MoRY6BVqtwCjhz6vI5LT8AJ55H+4g9/4vbHx1I54fS0XuclLhDHArPQCiMjDxjaL8fPxhw==

esbuild@^0.20.1:
  version "0.20.2"
  resolved "https://registry.yarnpkg.com/esbuild/-/esbuild-0.20.2.tgz#9d6b2386561766ee6b5a55196c6d766d28c87ea1"
  integrity sha512-WdOOppmUNU+IbZ0PaDiTst80zjnrOkyJNHoKupIcVyU8Lvla3Ugx94VzkQ32Ijqd7UhHJy75gNWDMUekcrSJ6g==
  optionalDependencies:
    "@esbuild/aix-ppc64" "0.20.2"
    "@esbuild/android-arm" "0.20.2"
    "@esbuild/android-arm64" "0.20.2"
    "@esbuild/android-x64" "0.20.2"
    "@esbuild/darwin-arm64" "0.20.2"
    "@esbuild/darwin-x64" "0.20.2"
    "@esbuild/freebsd-arm64" "0.20.2"
    "@esbuild/freebsd-x64" "0.20.2"
    "@esbuild/linux-arm" "0.20.2"
    "@esbuild/linux-arm64" "0.20.2"
    "@esbuild/linux-ia32" "0.20.2"
    "@esbuild/linux-loong64" "0.20.2"
    "@esbuild/linux-mips64el" "0.20.2"
    "@esbuild/linux-ppc64" "0.20.2"
    "@esbuild/linux-riscv64" "0.20.2"
    "@esbuild/linux-s390x" "0.20.2"
    "@esbuild/linux-x64" "0.20.2"
    "@esbuild/netbsd-x64" "0.20.2"
    "@esbuild/openbsd-x64" "0.20.2"
    "@esbuild/sunos-x64" "0.20.2"
    "@esbuild/win32-arm64" "0.20.2"
    "@esbuild/win32-ia32" "0.20.2"
    "@esbuild/win32-x64" "0.20.2"

escalade@^3.1.1:
  version "3.1.2"
  resolved "https://registry.yarnpkg.com/escalade/-/escalade-3.1.2.tgz#54076e9ab29ea5bf3d8f1ed62acffbb88272df27"
  integrity sha512-ErCHMCae19vR8vQGe50xIsVomy19rg6gFu3+r3jkEO46suLMWBksvVyoGgQV+jOfl84ZSOSlmv6Gxa89PmTGmA==

fill-range@^7.0.1:
  version "7.0.1"
  resolved "https://registry.yarnpkg.com/fill-range/-/fill-range-7.0.1.tgz#1919a6a7c75fe38b2c7c77e5198535da9acdda40"
  integrity sha512-qOo9F+dMUmC2Lcb4BbVvnKJxTPjCm+RRpe4gDuGrzkL7mEVl/djYSu2OdQ2Pa302N4oqkSg9ir6jaLWJ2USVpQ==
  dependencies:
    to-regex-range "^5.0.1"

fraction.js@^4.3.7:
  version "4.3.7"
  resolved "https://registry.yarnpkg.com/fraction.js/-/fraction.js-4.3.7.tgz#06ca0085157e42fda7f9e726e79fefc4068840f7"
  integrity sha512-ZsDfxO51wGAXREY55a7la9LScWpwv9RxIrYABrlvOFBlH/ShPnrtsXeuUIfXKKOVicNxQ+o8JTbJvjS4M89yew==

fsevents@~2.3.2, fsevents@~2.3.3:
  version "2.3.3"
  resolved "https://registry.yarnpkg.com/fsevents/-/fsevents-2.3.3.tgz#cac6407785d03675a2a5e1a5305c697b347d90d6"
  integrity sha512-5xoDfX+fL7faATnagmWPpbFtwh/R77WmMMqqHGS65C3vvB0YHrgF+B1YmZ3441tMj5n63k0212XNoJwzlhffQw==

glob-parent@~5.1.2:
  version "5.1.2"
  resolved "https://registry.yarnpkg.com/glob-parent/-/glob-parent-5.1.2.tgz#869832c58034fe68a4093c17dc15e8340d8401c4"
  integrity sha512-AOIgSQCepiJYwP3ARnGx+5VnTu2HBYdzbGP45eLw1vr3zB3vZLeyed1sC9hnbcOc9/SrMyM5RPQrkGz4aS9Zow==
  dependencies:
    is-glob "^4.0.1"

immutable@^4.0.0:
  version "4.3.5"
  resolved "https://registry.yarnpkg.com/immutable/-/immutable-4.3.5.tgz#f8b436e66d59f99760dc577f5c99a4fd2a5cc5a0"
  integrity sha512-8eabxkth9gZatlwl5TBuJnCsoTADlL6ftEr7A4qgdaTsPyreilDSnUk57SO+jfKcNtxPa22U5KK6DSeAYhpBJw==

is-binary-path@~2.1.0:
  version "2.1.0"
  resolved "https://registry.yarnpkg.com/is-binary-path/-/is-binary-path-2.1.0.tgz#ea1f7f3b80f064236e83470f86c09c254fb45b09"
  integrity sha512-ZMERYes6pDydyuGidse7OsHxtbI7WVeUEozgR/g7rd0xUimYNlvZRE/K2MgZTjWy725IfelLeVcEM97mmtRGXw==
  dependencies:
    binary-extensions "^2.0.0"

is-extglob@^2.1.1:
  version "2.1.1"
  resolved "https://registry.yarnpkg.com/is-extglob/-/is-extglob-2.1.1.tgz#a88c02535791f02ed37c76a1b9ea9773c833f8c2"
  integrity sha512-SbKbANkN603Vi4jEZv49LeVJMn4yGwsbzZworEoyEiutsN3nJYdbO36zfhGJ6QEDpOZIFkDtnq5JRxmvl3jsoQ==

is-glob@^4.0.1, is-glob@~4.0.1:
  version "4.0.3"
  resolved "https://registry.yarnpkg.com/is-glob/-/is-glob-4.0.3.tgz#64f61e42cbbb2eec2071a9dac0b28ba1e65d5084"
  integrity sha512-xelSayHH36ZgE7ZWhli7pW34hNbNl8Ojv5KVmkJD4hBdD3th8Tfk9vYasLM+mXWOZhFkgZfxhLSnrwRr4elSSg==
  dependencies:
    is-extglob "^2.1.1"

is-number@^7.0.0:
  version "7.0.0"
  resolved "https://registry.yarnpkg.com/is-number/-/is-number-7.0.0.tgz#7535345b896734d5f80c4d06c50955527a14f12b"
  integrity sha512-41Cifkg6e8TylSpdtTpeLVMqvSBEVzTttHvERD741+pnZ8ANv0004MRL43QKPDlK9cGvNp6NZWZUBlbGXYxxng==

lilconfig@^3.1.1:
  version "3.1.1"
  resolved "https://registry.yarnpkg.com/lilconfig/-/lilconfig-3.1.1.tgz#9d8a246fa753106cfc205fd2d77042faca56e5e3"
  integrity sha512-O18pf7nyvHTckunPWCV1XUNXU1piu01y2b7ATJ0ppkUkk8ocqVWBrYjJBCwHDjD/ZWcfyrA0P4gKhzWGi5EINQ==

lodash.memoize@^4.1.2:
  version "4.1.2"
  resolved "https://registry.yarnpkg.com/lodash.memoize/-/lodash.memoize-4.1.2.tgz#bcc6c49a42a2840ed997f323eada5ecd182e0bfe"
  integrity sha512-t7j+NzmgnQzTAYXcsHYLgimltOV1MXHtlOWf6GjL9Kj8GK5FInw5JotxvbOs+IvV1/Dzo04/fCGfLVs7aXb4Ag==

lodash.uniq@^4.5.0:
  version "4.5.0"
  resolved "https://registry.yarnpkg.com/lodash.uniq/-/lodash.uniq-4.5.0.tgz#d0225373aeb652adc1bc82e4945339a842754773"
  integrity sha512-xfBaXQd9ryd9dlSDvnvI0lvxfLJlYAZzXomUYzLKtUeOQvOP5piqAWuGtrhWeqaXK9hhoM/iyJc5AV+XfsX3HQ==

mdn-data@2.0.28:
  version "2.0.28"
  resolved "https://registry.yarnpkg.com/mdn-data/-/mdn-data-2.0.28.tgz#5ec48e7bef120654539069e1ae4ddc81ca490eba"
  integrity sha512-aylIc7Z9y4yzHYAJNuESG3hfhC+0Ibp/MAMiaOZgNv4pmEdFyfZhhhny4MNiAfWdBQ1RQ2mfDWmM1x8SvGyp8g==

mdn-data@2.0.30:
  version "2.0.30"
  resolved "https://registry.yarnpkg.com/mdn-data/-/mdn-data-2.0.30.tgz#ce4df6f80af6cfbe218ecd5c552ba13c4dfa08cc"
  integrity sha512-GaqWWShW4kv/G9IEucWScBx9G1/vsFZZJUO+tD26M8J8z3Kw5RDQjaoZe03YAClgeS/SWPOcb4nkFBTEi5DUEA==

nanoid@^3.3.7:
  version "3.3.7"
  resolved "https://registry.yarnpkg.com/nanoid/-/nanoid-3.3.7.tgz#d0c301a691bc8d54efa0a2226ccf3fe2fd656bd8"
  integrity sha512-eSRppjcPIatRIMC1U6UngP8XFcz8MQWGQdt1MTBQ7NaAmvXDfvNxbvWV3x2y6CdEUciCSsDHDQZbhYaB8QEo2g==

node-releases@^2.0.14:
  version "2.0.14"
  resolved "https://registry.yarnpkg.com/node-releases/-/node-releases-2.0.14.tgz#2ffb053bceb8b2be8495ece1ab6ce600c4461b0b"
  integrity sha512-y10wOWt8yZpqXmOgRo77WaHEmhYQYGNA6y421PKsKYWEK8aW+cqAphborZDhqfyKrbZEN92CN1X2KbafY2s7Yw==

normalize-path@^3.0.0, normalize-path@~3.0.0:
  version "3.0.0"
  resolved "https://registry.yarnpkg.com/normalize-path/-/normalize-path-3.0.0.tgz#0dcd69ff23a1c9b11fd0978316644a0388216a65"
  integrity sha512-6eZs5Ls3WtCisHWp9S2GUy8dqkpGi4BVSz3GaqiE6ezub0512ESztXUwUB6C6IKbQkY2Pnb/mD4WYojCRwcwLA==

normalize-range@^0.1.2:
  version "0.1.2"
  resolved "https://registry.yarnpkg.com/normalize-range/-/normalize-range-0.1.2.tgz#2d10c06bdfd312ea9777695a4d28439456b75942"
  integrity sha512-bdok/XvKII3nUpklnV6P2hxtMNrCboOjAcyBuQnWEhO665FwrSNRxU+AqpsyvO6LgGYPspN+lu5CLtw4jPRKNA==

nth-check@^2.0.1:
  version "2.1.1"
  resolved "https://registry.yarnpkg.com/nth-check/-/nth-check-2.1.1.tgz#c9eab428effce36cd6b92c924bdb000ef1f1ed1d"
  integrity sha512-lqjrjmaOoAnWfMmBPL+XNnynZh2+swxiX3WUE0s4yEHI6m+AwrK2UZOimIRl3X/4QctVqS8AiZjFqyOGrMXb/w==
  dependencies:
    boolbase "^1.0.0"

picocolors@^1.0.0:
  version "1.0.0"
  resolved "https://registry.yarnpkg.com/picocolors/-/picocolors-1.0.0.tgz#cb5bdc74ff3f51892236eaf79d68bc44564ab81c"
  integrity sha512-1fygroTLlHu66zi26VoTDv8yRgm0Fccecssto+MhsZ0D/DGW2sm8E8AjW7NU5VVTRt5GxbeZ5qBuJr+HyLYkjQ==

picomatch@^2.0.4, picomatch@^2.2.1:
  version "2.3.1"
  resolved "https://registry.yarnpkg.com/picomatch/-/picomatch-2.3.1.tgz#3ba3833733646d9d3e4995946c1365a67fb07a42"
  integrity sha512-JU3teHTNjmE2VCGFzuY8EXzCDVwEqB2a8fsIvwaStHhAWJEeVd1o1QD80CU6+ZdEXXSLbSsuLwJjkCBWqRQUVA==

postcss-calc@^9.0.1:
  version "9.0.1"
  resolved "https://registry.yarnpkg.com/postcss-calc/-/postcss-calc-9.0.1.tgz#a744fd592438a93d6de0f1434c572670361eb6c6"
  integrity sha512-TipgjGyzP5QzEhsOZUaIkeO5mKeMFpebWzRogWG/ysonUlnHcq5aJe0jOjpfzUU8PeSaBQnrE8ehR0QA5vs8PQ==
  dependencies:
    postcss-selector-parser "^6.0.11"
    postcss-value-parser "^4.2.0"

postcss-colormin@^6.1.0:
  version "6.1.0"
  resolved "https://registry.yarnpkg.com/postcss-colormin/-/postcss-colormin-6.1.0.tgz#076e8d3fb291fbff7b10e6b063be9da42ff6488d"
  integrity sha512-x9yX7DOxeMAR+BgGVnNSAxmAj98NX/YxEMNFP+SDCEeNLb2r3i6Hh1ksMsnW8Ub5SLCpbescQqn9YEbE9554Sw==
  dependencies:
    browserslist "^4.23.0"
    caniuse-api "^3.0.0"
    colord "^2.9.3"
    postcss-value-parser "^4.2.0"

postcss-convert-values@^6.1.0:
  version "6.1.0"
  resolved "https://registry.yarnpkg.com/postcss-convert-values/-/postcss-convert-values-6.1.0.tgz#3498387f8efedb817cbc63901d45bd1ceaa40f48"
  integrity sha512-zx8IwP/ts9WvUM6NkVSkiU902QZL1bwPhaVaLynPtCsOTqp+ZKbNi+s6XJg3rfqpKGA/oc7Oxk5t8pOQJcwl/w==
  dependencies:
    browserslist "^4.23.0"
    postcss-value-parser "^4.2.0"

postcss-discard-comments@^6.0.2:
  version "6.0.2"
  resolved "https://registry.yarnpkg.com/postcss-discard-comments/-/postcss-discard-comments-6.0.2.tgz#e768dcfdc33e0216380623652b0a4f69f4678b6c"
  integrity sha512-65w/uIqhSBBfQmYnG92FO1mWZjJ4GL5b8atm5Yw2UgrwD7HiNiSSNwJor1eCFGzUgYnN/iIknhNRVqjrrpuglw==

postcss-discard-duplicates@^6.0.3:
  version "6.0.3"
  resolved "https://registry.yarnpkg.com/postcss-discard-duplicates/-/postcss-discard-duplicates-6.0.3.tgz#d121e893c38dc58a67277f75bb58ba43fce4c3eb"
  integrity sha512-+JA0DCvc5XvFAxwx6f/e68gQu/7Z9ud584VLmcgto28eB8FqSFZwtrLwB5Kcp70eIoWP/HXqz4wpo8rD8gpsTw==

postcss-discard-empty@^6.0.3:
  version "6.0.3"
  resolved "https://registry.yarnpkg.com/postcss-discard-empty/-/postcss-discard-empty-6.0.3.tgz#ee39c327219bb70473a066f772621f81435a79d9"
  integrity sha512-znyno9cHKQsK6PtxL5D19Fj9uwSzC2mB74cpT66fhgOadEUPyXFkbgwm5tvc3bt3NAy8ltE5MrghxovZRVnOjQ==

postcss-discard-overridden@^6.0.2:
  version "6.0.2"
  resolved "https://registry.yarnpkg.com/postcss-discard-overridden/-/postcss-discard-overridden-6.0.2.tgz#4e9f9c62ecd2df46e8fdb44dc17e189776572e2d"
  integrity sha512-j87xzI4LUggC5zND7KdjsI25APtyMuynXZSujByMaav2roV6OZX+8AaCUcZSWqckZpjAjRyFDdpqybgjFO0HJQ==

postcss-merge-longhand@^6.0.5:
  version "6.0.5"
  resolved "https://registry.yarnpkg.com/postcss-merge-longhand/-/postcss-merge-longhand-6.0.5.tgz#ba8a8d473617c34a36abbea8dda2b215750a065a"
  integrity sha512-5LOiordeTfi64QhICp07nzzuTDjNSO8g5Ksdibt44d+uvIIAE1oZdRn8y/W5ZtYgRH/lnLDlvi9F8btZcVzu3w==
  dependencies:
    postcss-value-parser "^4.2.0"
    stylehacks "^6.1.1"

postcss-merge-rules@^6.1.1:
  version "6.1.1"
  resolved "https://registry.yarnpkg.com/postcss-merge-rules/-/postcss-merge-rules-6.1.1.tgz#7aa539dceddab56019469c0edd7d22b64c3dea9d"
  integrity sha512-KOdWF0gju31AQPZiD+2Ar9Qjowz1LTChSjFFbS+e2sFgc4uHOp3ZvVX4sNeTlk0w2O31ecFGgrFzhO0RSWbWwQ==
  dependencies:
    browserslist "^4.23.0"
    caniuse-api "^3.0.0"
    cssnano-utils "^4.0.2"
    postcss-selector-parser "^6.0.16"

postcss-minify-font-values@^6.1.0:
  version "6.1.0"
  resolved "https://registry.yarnpkg.com/postcss-minify-font-values/-/postcss-minify-font-values-6.1.0.tgz#a0e574c02ee3f299be2846369211f3b957ea4c59"
  integrity sha512-gklfI/n+9rTh8nYaSJXlCo3nOKqMNkxuGpTn/Qm0gstL3ywTr9/WRKznE+oy6fvfolH6dF+QM4nCo8yPLdvGJg==
  dependencies:
    postcss-value-parser "^4.2.0"

postcss-minify-gradients@^6.0.3:
  version "6.0.3"
  resolved "https://registry.yarnpkg.com/postcss-minify-gradients/-/postcss-minify-gradients-6.0.3.tgz#ca3eb55a7bdb48a1e187a55c6377be918743dbd6"
  integrity sha512-4KXAHrYlzF0Rr7uc4VrfwDJ2ajrtNEpNEuLxFgwkhFZ56/7gaE4Nr49nLsQDZyUe+ds+kEhf+YAUolJiYXF8+Q==
  dependencies:
    colord "^2.9.3"
    cssnano-utils "^4.0.2"
    postcss-value-parser "^4.2.0"

postcss-minify-params@^6.1.0:
  version "6.1.0"
  resolved "https://registry.yarnpkg.com/postcss-minify-params/-/postcss-minify-params-6.1.0.tgz#54551dec77b9a45a29c3cb5953bf7325a399ba08"
  integrity sha512-bmSKnDtyyE8ujHQK0RQJDIKhQ20Jq1LYiez54WiaOoBtcSuflfK3Nm596LvbtlFcpipMjgClQGyGr7GAs+H1uA==
  dependencies:
    browserslist "^4.23.0"
    cssnano-utils "^4.0.2"
    postcss-value-parser "^4.2.0"

postcss-minify-selectors@^6.0.4:
  version "6.0.4"
  resolved "https://registry.yarnpkg.com/postcss-minify-selectors/-/postcss-minify-selectors-6.0.4.tgz#197f7d72e6dd19eed47916d575d69dc38b396aff"
  integrity sha512-L8dZSwNLgK7pjTto9PzWRoMbnLq5vsZSTu8+j1P/2GB8qdtGQfn+K1uSvFgYvgh83cbyxT5m43ZZhUMTJDSClQ==
  dependencies:
    postcss-selector-parser "^6.0.16"

postcss-normalize-charset@^6.0.2:
  version "6.0.2"
  resolved "https://registry.yarnpkg.com/postcss-normalize-charset/-/postcss-normalize-charset-6.0.2.tgz#1ec25c435057a8001dac942942a95ffe66f721e1"
  integrity sha512-a8N9czmdnrjPHa3DeFlwqst5eaL5W8jYu3EBbTTkI5FHkfMhFZh1EGbku6jhHhIzTA6tquI2P42NtZ59M/H/kQ==

postcss-normalize-display-values@^6.0.2:
  version "6.0.2"
  resolved "https://registry.yarnpkg.com/postcss-normalize-display-values/-/postcss-normalize-display-values-6.0.2.tgz#54f02764fed0b288d5363cbb140d6950dbbdd535"
  integrity sha512-8H04Mxsb82ON/aAkPeq8kcBbAtI5Q2a64X/mnRRfPXBq7XeogoQvReqxEfc0B4WPq1KimjezNC8flUtC3Qz6jg==
  dependencies:
    postcss-value-parser "^4.2.0"

postcss-normalize-positions@^6.0.2:
  version "6.0.2"
  resolved "https://registry.yarnpkg.com/postcss-normalize-positions/-/postcss-normalize-positions-6.0.2.tgz#e982d284ec878b9b819796266f640852dbbb723a"
  integrity sha512-/JFzI441OAB9O7VnLA+RtSNZvQ0NCFZDOtp6QPFo1iIyawyXg0YI3CYM9HBy1WvwCRHnPep/BvI1+dGPKoXx/Q==
  dependencies:
    postcss-value-parser "^4.2.0"

postcss-normalize-repeat-style@^6.0.2:
  version "6.0.2"
  resolved "https://registry.yarnpkg.com/postcss-normalize-repeat-style/-/postcss-normalize-repeat-style-6.0.2.tgz#f8006942fd0617c73f049dd8b6201c3a3040ecf3"
  integrity sha512-YdCgsfHkJ2jEXwR4RR3Tm/iOxSfdRt7jplS6XRh9Js9PyCR/aka/FCb6TuHT2U8gQubbm/mPmF6L7FY9d79VwQ==
  dependencies:
    postcss-value-parser "^4.2.0"

postcss-normalize-string@^6.0.2:
  version "6.0.2"
  resolved "https://registry.yarnpkg.com/postcss-normalize-string/-/postcss-normalize-string-6.0.2.tgz#e3cc6ad5c95581acd1fc8774b309dd7c06e5e363"
  integrity sha512-vQZIivlxlfqqMp4L9PZsFE4YUkWniziKjQWUtsxUiVsSSPelQydwS8Wwcuw0+83ZjPWNTl02oxlIvXsmmG+CiQ==
  dependencies:
    postcss-value-parser "^4.2.0"

postcss-normalize-timing-functions@^6.0.2:
  version "6.0.2"
  resolved "https://registry.yarnpkg.com/postcss-normalize-timing-functions/-/postcss-normalize-timing-functions-6.0.2.tgz#40cb8726cef999de984527cbd9d1db1f3e9062c0"
  integrity sha512-a+YrtMox4TBtId/AEwbA03VcJgtyW4dGBizPl7e88cTFULYsprgHWTbfyjSLyHeBcK/Q9JhXkt2ZXiwaVHoMzA==
  dependencies:
    postcss-value-parser "^4.2.0"

postcss-normalize-unicode@^6.1.0:
  version "6.1.0"
  resolved "https://registry.yarnpkg.com/postcss-normalize-unicode/-/postcss-normalize-unicode-6.1.0.tgz#aaf8bbd34c306e230777e80f7f12a4b7d27ce06e"
  integrity sha512-QVC5TQHsVj33otj8/JD869Ndr5Xcc/+fwRh4HAsFsAeygQQXm+0PySrKbr/8tkDKzW+EVT3QkqZMfFrGiossDg==
  dependencies:
    browserslist "^4.23.0"
    postcss-value-parser "^4.2.0"

postcss-normalize-url@^6.0.2:
  version "6.0.2"
  resolved "https://registry.yarnpkg.com/postcss-normalize-url/-/postcss-normalize-url-6.0.2.tgz#292792386be51a8de9a454cb7b5c58ae22db0f79"
  integrity sha512-kVNcWhCeKAzZ8B4pv/DnrU1wNh458zBNp8dh4y5hhxih5RZQ12QWMuQrDgPRw3LRl8mN9vOVfHl7uhvHYMoXsQ==
  dependencies:
    postcss-value-parser "^4.2.0"

postcss-normalize-whitespace@^6.0.2:
  version "6.0.2"
  resolved "https://registry.yarnpkg.com/postcss-normalize-whitespace/-/postcss-normalize-whitespace-6.0.2.tgz#fbb009e6ebd312f8b2efb225c2fcc7cf32b400cd"
  integrity sha512-sXZ2Nj1icbJOKmdjXVT9pnyHQKiSAyuNQHSgRCUgThn2388Y9cGVDR+E9J9iAYbSbLHI+UUwLVl1Wzco/zgv0Q==
  dependencies:
    postcss-value-parser "^4.2.0"

postcss-ordered-values@^6.0.2:
  version "6.0.2"
  resolved "https://registry.yarnpkg.com/postcss-ordered-values/-/postcss-ordered-values-6.0.2.tgz#366bb663919707093451ab70c3f99c05672aaae5"
  integrity sha512-VRZSOB+JU32RsEAQrO94QPkClGPKJEL/Z9PCBImXMhIeK5KAYo6slP/hBYlLgrCjFxyqvn5VC81tycFEDBLG1Q==
  dependencies:
    cssnano-utils "^4.0.2"
    postcss-value-parser "^4.2.0"

postcss-reduce-initial@^6.1.0:
  version "6.1.0"
  resolved "https://registry.yarnpkg.com/postcss-reduce-initial/-/postcss-reduce-initial-6.1.0.tgz#4401297d8e35cb6e92c8e9586963e267105586ba"
  integrity sha512-RarLgBK/CrL1qZags04oKbVbrrVK2wcxhvta3GCxrZO4zveibqbRPmm2VI8sSgCXwoUHEliRSbOfpR0b/VIoiw==
  dependencies:
    browserslist "^4.23.0"
    caniuse-api "^3.0.0"

postcss-reduce-transforms@^6.0.2:
  version "6.0.2"
  resolved "https://registry.yarnpkg.com/postcss-reduce-transforms/-/postcss-reduce-transforms-6.0.2.tgz#6fa2c586bdc091a7373caeee4be75a0f3e12965d"
  integrity sha512-sB+Ya++3Xj1WaT9+5LOOdirAxP7dJZms3GRcYheSPi1PiTMigsxHAdkrbItHxwYHr4kt1zL7mmcHstgMYT+aiA==
  dependencies:
    postcss-value-parser "^4.2.0"

postcss-selector-parser@^6.0.11, postcss-selector-parser@^6.0.16:
  version "6.0.16"
  resolved "https://registry.yarnpkg.com/postcss-selector-parser/-/postcss-selector-parser-6.0.16.tgz#3b88b9f5c5abd989ef4e2fc9ec8eedd34b20fb04"
  integrity sha512-A0RVJrX+IUkVZbW3ClroRWurercFhieevHB38sr2+l9eUClMqome3LmEmnhlNy+5Mr2EYN6B2Kaw9wYdd+VHiw==
  dependencies:
    cssesc "^3.0.0"
    util-deprecate "^1.0.2"

postcss-svgo@^6.0.3:
  version "6.0.3"
  resolved "https://registry.yarnpkg.com/postcss-svgo/-/postcss-svgo-6.0.3.tgz#1d6e180d6df1fa8a3b30b729aaa9161e94f04eaa"
  integrity sha512-dlrahRmxP22bX6iKEjOM+c8/1p+81asjKT+V5lrgOH944ryx/OHpclnIbGsKVd3uWOXFLYJwCVf0eEkJGvO96g==
  dependencies:
    postcss-value-parser "^4.2.0"
    svgo "^3.2.0"

postcss-unique-selectors@^6.0.4:
  version "6.0.4"
  resolved "https://registry.yarnpkg.com/postcss-unique-selectors/-/postcss-unique-selectors-6.0.4.tgz#983ab308896b4bf3f2baaf2336e14e52c11a2088"
  integrity sha512-K38OCaIrO8+PzpArzkLKB42dSARtC2tmG6PvD4b1o1Q2E9Os8jzfWFfSy/rixsHwohtsDdFtAWGjFVFUdwYaMg==
  dependencies:
    postcss-selector-parser "^6.0.16"

postcss-value-parser@^4.2.0:
  version "4.2.0"
  resolved "https://registry.yarnpkg.com/postcss-value-parser/-/postcss-value-parser-4.2.0.tgz#723c09920836ba6d3e5af019f92bc0971c02e514"
  integrity sha512-1NNCs6uurfkVbeXG4S8JFT9t19m45ICnif8zWLd5oPSZ50QnwMfK+H3jv408d4jw/7Bttv5axS5IiHoLaVNHeQ==

postcss@^8.4.38:
  version "8.4.38"
  resolved "https://registry.yarnpkg.com/postcss/-/postcss-8.4.38.tgz#b387d533baf2054288e337066d81c6bee9db9e0e"
  integrity sha512-Wglpdk03BSfXkHoQa3b/oulrotAkwrlLDRSOb9D0bN86FdRyE9lppSp33aHNPgBa0JKCoB+drFLZkQoRRYae5A==
  dependencies:
    nanoid "^3.3.7"
    picocolors "^1.0.0"
    source-map-js "^1.2.0"

prettier@^3.2.5:
  version "3.2.5"
  resolved "https://registry.yarnpkg.com/prettier/-/prettier-3.2.5.tgz#e52bc3090586e824964a8813b09aba6233b28368"
  integrity sha512-3/GWa9aOC0YeD7LUfvOG2NiDyhOWRvt1k+rcKhOuYnMY24iiCphgneUfJDyFXd6rZCAnuLBv6UeAULtrhT/F4A==

readdirp@~3.6.0:
  version "3.6.0"
  resolved "https://registry.yarnpkg.com/readdirp/-/readdirp-3.6.0.tgz#74a370bd857116e245b29cc97340cd431a02a6c7"
  integrity sha512-hOS089on8RduqdbhvQ5Z37A0ESjsqz6qnRcffsMU3495FuTdqSm+7bhJ29JvIOsBDEEnan5DPu9t3To9VRlMzA==
  dependencies:
    picomatch "^2.2.1"

rollup@^4.13.0:
  version "4.13.2"
  resolved "https://registry.yarnpkg.com/rollup/-/rollup-4.13.2.tgz#ac57d2dc48e8f5562f5a6daadb9caee590069262"
  integrity sha512-MIlLgsdMprDBXC+4hsPgzWUasLO9CE4zOkj/u6j+Z6j5A4zRY+CtiXAdJyPtgCsc42g658Aeh1DlrdVEJhsL2g==
  dependencies:
    "@types/estree" "1.0.5"
  optionalDependencies:
    "@rollup/rollup-android-arm-eabi" "4.13.2"
    "@rollup/rollup-android-arm64" "4.13.2"
    "@rollup/rollup-darwin-arm64" "4.13.2"
    "@rollup/rollup-darwin-x64" "4.13.2"
    "@rollup/rollup-linux-arm-gnueabihf" "4.13.2"
    "@rollup/rollup-linux-arm64-gnu" "4.13.2"
    "@rollup/rollup-linux-arm64-musl" "4.13.2"
    "@rollup/rollup-linux-powerpc64le-gnu" "4.13.2"
    "@rollup/rollup-linux-riscv64-gnu" "4.13.2"
    "@rollup/rollup-linux-s390x-gnu" "4.13.2"
    "@rollup/rollup-linux-x64-gnu" "4.13.2"
    "@rollup/rollup-linux-x64-musl" "4.13.2"
    "@rollup/rollup-win32-arm64-msvc" "4.13.2"
    "@rollup/rollup-win32-ia32-msvc" "4.13.2"
    "@rollup/rollup-win32-x64-msvc" "4.13.2"
    fsevents "~2.3.2"

sass@^1.72.0:
  version "1.72.0"
  resolved "https://registry.yarnpkg.com/sass/-/sass-1.72.0.tgz#5b9978943fcfb32b25a6a5acb102fc9dabbbf41c"
  integrity sha512-Gpczt3WA56Ly0Mn8Sl21Vj94s1axi9hDIzDFn9Ph9x3C3p4nNyvsqJoQyVXKou6cBlfFWEgRW4rT8Tb4i3XnVA==
  dependencies:
    chokidar ">=3.0.0 <4.0.0"
    immutable "^4.0.0"
    source-map-js ">=0.6.2 <2.0.0"

"source-map-js@>=0.6.2 <2.0.0", source-map-js@^1.0.1, source-map-js@^1.2.0:
  version "1.2.0"
  resolved "https://registry.yarnpkg.com/source-map-js/-/source-map-js-1.2.0.tgz#16b809c162517b5b8c3e7dcd315a2a5c2612b2af"
  integrity sha512-itJW8lvSA0TXEphiRoawsCksnlf8SyvmFzIhltqAHluXd88pkCd+cXJVHTDwdCr0IzwptSm035IHQktUu1QUMg==

stylehacks@^6.1.1:
  version "6.1.1"
  resolved "https://registry.yarnpkg.com/stylehacks/-/stylehacks-6.1.1.tgz#543f91c10d17d00a440430362d419f79c25545a6"
  integrity sha512-gSTTEQ670cJNoaeIp9KX6lZmm8LJ3jPB5yJmX8Zq/wQxOsAFXV3qjWzHas3YYk1qesuVIyYWWUpZ0vSE/dTSGg==
  dependencies:
    browserslist "^4.23.0"
    postcss-selector-parser "^6.0.16"

svgo@^3.2.0:
  version "3.2.0"
  resolved "https://registry.yarnpkg.com/svgo/-/svgo-3.2.0.tgz#7a5dff2938d8c6096e00295c2390e8e652fa805d"
  integrity sha512-4PP6CMW/V7l/GmKRKzsLR8xxjdHTV4IMvhTnpuHwwBazSIlw5W/5SmPjN8Dwyt7lKbSJrRDgp4t9ph0HgChFBQ==
  dependencies:
    "@trysound/sax" "0.2.0"
    commander "^7.2.0"
    css-select "^5.1.0"
    css-tree "^2.3.1"
    css-what "^6.1.0"
    csso "^5.0.5"
    picocolors "^1.0.0"

to-regex-range@^5.0.1:
  version "5.0.1"
  resolved "https://registry.yarnpkg.com/to-regex-range/-/to-regex-range-5.0.1.tgz#1648c44aae7c8d988a326018ed72f5b4dd0392e4"
  integrity sha512-65P7iz6X5yEr1cwcgvQxbbIw7Uk3gOy5dIdtZ4rDveLqhrdJP+Li/Hx6tyK0NEb+2GCyneCMJiGqrADCSNk8sQ==
  dependencies:
    is-number "^7.0.0"

update-browserslist-db@^1.0.13:
  version "1.0.13"
  resolved "https://registry.yarnpkg.com/update-browserslist-db/-/update-browserslist-db-1.0.13.tgz#3c5e4f5c083661bd38ef64b6328c26ed6c8248c4"
  integrity sha512-xebP81SNcPuNpPP3uzeW1NYXxI3rxyJzF3pD6sH4jE7o/IX+WtSpwnVU+qIsDPyk0d3hmFQ7mjqc6AtV604hbg==
  dependencies:
    escalade "^3.1.1"
    picocolors "^1.0.0"

util-deprecate@^1.0.2:
  version "1.0.2"
  resolved "https://registry.yarnpkg.com/util-deprecate/-/util-deprecate-1.0.2.tgz#450d4dc9fa70de732762fbd2d4a28981419a0ccf"
  integrity sha512-EPD5q1uXyFxJpCrLnCc1nHnq3gOa6DZBocAIiI2TaSCA7VCJ1UJDMagCzIkXNsUYfD1daK//LTEQ8xiIbrHtcw==

vite@^5.2.8:
  version "5.2.8"
  resolved "https://registry.yarnpkg.com/vite/-/vite-5.2.8.tgz#a99e09939f1a502992381395ce93efa40a2844aa"
  integrity sha512-OyZR+c1CE8yeHw5V5t59aXsUPPVTHMDjEZz8MgguLL/Q7NblxhZUlTu9xSPqlsUO/y+X7dlU05jdhvyycD55DA==
  dependencies:
    esbuild "^0.20.1"
    postcss "^8.4.38"
    rollup "^4.13.0"
  optionalDependencies:
    fsevents "~2.3.3"
